{"is_source_file": false, "format": "", "description": "", "external_files": [], "external_methods": [], "published": [], "classes": [], "methods": [], "calls": [], "search-terms": [], "state": 2, "file_id": 12, "knowledge_revision": 153, "git_revision": "", "hash": "6c18ddc8c689db24aca2ae753aa1a1b9", "format-version": 4, "code-base-name": "default", "filename": "flutter_frontend_workspace/flutter_frontend/macos/Runner.xcodeproj/project.pbxproj", "revision_history": [{"153": ""}]}