{"is_source_file": false, "format": "", "description": "", "external_files": [], "external_methods": [], "published": [], "classes": [], "methods": [], "calls": [], "search-terms": [], "state": 2, "file_id": 13, "knowledge_revision": 152, "git_revision": "", "hash": "a9d115914ac768ddf942467c867bf819", "format-version": 4, "code-base-name": "default", "filename": "flutter_frontend_workspace/flutter_frontend/macos/Runner.xcodeproj/xcshareddata/xcschemes/Runner.xcscheme", "revision_history": [{"152": ""}]}