{"is_source_file": false, "format": "", "description": "", "external_files": [], "external_methods": [], "published": [], "classes": [], "methods": [], "calls": [], "search-terms": ["pubspec.lock", "dependencies", "dart", "flutter"], "state": 2, "file_id": 34, "knowledge_revision": 176, "git_revision": "", "hash": "fe4c1b17910bcf2738bc7d4ed110d086", "format-version": 4, "code-base-name": "default", "filename": "flutter_frontend_workspace/flutter_frontend/pubspec.lock", "revision_history": [{"176": ""}]}